
Microsoft Visual Studio Solution File, Format Version 12.00
# Visual Studio 14
VisualStudioVersion = 14.0.25420.1
MinimumVisualStudioVersion = 10.0.40219.1
Project("{FAE04EC0-301F-11D3-BF4B-00C04F79EFBC}") = "th-lesson10", "th-lesson10\th-lesson10.csproj", "{803B8A78-D874-49E7-B0DF-C5F759F8F4AC}"
EndProject
Global
	GlobalSection(SolutionConfigurationPlatforms) = preSolution
		Debug|Any CPU = Debug|Any CPU
		Release|Any CPU = Release|Any CPU
	EndGlobalSection
	GlobalSection(ProjectConfigurationPlatforms) = postSolution
		{803B8A78-D874-49E7-B0DF-C5F759F8F4AC}.Debug|Any CPU.ActiveCfg = Debug|Any CPU
		{803B8A78-D874-49E7-B0DF-C5F759F8F4AC}.Debug|Any CPU.Build.0 = Debug|Any CPU
		{803B8A78-D874-49E7-B0DF-C5F759F8F4AC}.Release|Any CPU.ActiveCfg = Release|Any CPU
		{803B8A78-D874-49E7-B0DF-C5F759F8F4AC}.Release|Any CPU.Build.0 = Release|Any CPU
	EndGlobalSection
	GlobalSection(SolutionProperties) = preSolution
		HideSolutionNode = FALSE
	EndGlobalSection
EndGlobal
